// !$*UTF8*$!
{
	archiveVersion = 1;
	classes = {
	};
	objectVersion = 56;
	objects = {

/* Begin PBXBuildFile section */
		7D7092702C2FFC6800154FB1 /* HelperExtension.swift in Sources */ = {isa = PBXBuildFile; fileRef = 7D70926F2C2FFC6800154FB1 /* HelperExtension.swift */; };
		7D7092722C303BB900154FB1 /* ContributorsResponse.swift in Sources */ = {isa = PBXBuildFile; fileRef = 7D7092712C303BB900154FB1 /* ContributorsResponse.swift */; };
		7D7092742C3041FA00154FB1 /* RepoDetailsViewModel.swift in Sources */ = {isa = PBXBuildFile; fileRef = 7D7092732C3041FA00154FB1 /* RepoDetailsViewModel.swift */; };
		7D82E5502C2F03E800A47B12 /* GitHubRepoApp.swift in Sources */ = {isa = PBXBuildFile; fileRef = 7D82E54F2C2F03E800A47B12 /* GitHubRepoApp.swift */; };
		7D82E5522C2F03E800A47B12 /* HomeView.swift in Sources */ = {isa = PBXBuildFile; fileRef = 7D82E5512C2F03E800A47B12 /* HomeView.swift */; };
		7D82E5542C2F03EA00A47B12 /* Assets.xcassets in Resources */ = {isa = PBXBuildFile; fileRef = 7D82E5532C2F03EA00A47B12 /* Assets.xcassets */; };
		7D82E5572C2F03EA00A47B12 /* Preview Assets.xcassets in Resources */ = {isa = PBXBuildFile; fileRef = 7D82E5562C2F03EA00A47B12 /* Preview Assets.xcassets */; };
		7D82E5602C2F050E00A47B12 /* RepositoryEntity.xcdatamodeld in Sources */ = {isa = PBXBuildFile; fileRef = 7D82E55E2C2F050E00A47B12 /* RepositoryEntity.xcdatamodeld */; };
		7D82E5652C2F162700A47B12 /* NetworkManager.swift in Sources */ = {isa = PBXBuildFile; fileRef = 7D82E5642C2F162700A47B12 /* NetworkManager.swift */; };
		7D82E5682C2F167400A47B12 /* SearchResponse.swift in Sources */ = {isa = PBXBuildFile; fileRef = 7D82E5672C2F167400A47B12 /* SearchResponse.swift */; };
		7D82E56A2C2F16A500A47B12 /* RepositoryViewModel.swift in Sources */ = {isa = PBXBuildFile; fileRef = 7D82E5692C2F16A500A47B12 /* RepositoryViewModel.swift */; };
		7D82E56C2C2F16DB00A47B12 /* CoreDataManager.swift in Sources */ = {isa = PBXBuildFile; fileRef = 7D82E56B2C2F16DB00A47B12 /* CoreDataManager.swift */; };
		7D82E5722C2F29D500A47B12 /* RepoDetailsView.swift in Sources */ = {isa = PBXBuildFile; fileRef = 7D82E5712C2F29D500A47B12 /* RepoDetailsView.swift */; };
		7D82E5742C2F2A0100A47B12 /* RepositoryRowView.swift in Sources */ = {isa = PBXBuildFile; fileRef = 7D82E5732C2F2A0100A47B12 /* RepositoryRowView.swift */; };
/* End PBXBuildFile section */

/* Begin PBXFileReference section */
		7D70926F2C2FFC6800154FB1 /* HelperExtension.swift */ = {isa = PBXFileReference; lastKnownFileType = sourcecode.swift; path = HelperExtension.swift; sourceTree = "<group>"; };
		7D7092712C303BB900154FB1 /* ContributorsResponse.swift */ = {isa = PBXFileReference; lastKnownFileType = sourcecode.swift; path = ContributorsResponse.swift; sourceTree = "<group>"; };
		7D7092732C3041FA00154FB1 /* RepoDetailsViewModel.swift */ = {isa = PBXFileReference; lastKnownFileType = sourcecode.swift; path = RepoDetailsViewModel.swift; sourceTree = "<group>"; };
		7D82E54C2C2F03E800A47B12 /* GitHubRepo.app */ = {isa = PBXFileReference; explicitFileType = wrapper.application; includeInIndex = 0; path = GitHubRepo.app; sourceTree = BUILT_PRODUCTS_DIR; };
		7D82E54F2C2F03E800A47B12 /* GitHubRepoApp.swift */ = {isa = PBXFileReference; lastKnownFileType = sourcecode.swift; path = GitHubRepoApp.swift; sourceTree = "<group>"; };
		7D82E5512C2F03E800A47B12 /* HomeView.swift */ = {isa = PBXFileReference; lastKnownFileType = sourcecode.swift; path = HomeView.swift; sourceTree = "<group>"; };
		7D82E5532C2F03EA00A47B12 /* Assets.xcassets */ = {isa = PBXFileReference; lastKnownFileType = folder.assetcatalog; path = Assets.xcassets; sourceTree = "<group>"; };
		7D82E5562C2F03EA00A47B12 /* Preview Assets.xcassets */ = {isa = PBXFileReference; lastKnownFileType = folder.assetcatalog; path = "Preview Assets.xcassets"; sourceTree = "<group>"; };
		7D82E55F2C2F050E00A47B12 /* YourModelName.xcdatamodel */ = {isa = PBXFileReference; lastKnownFileType = wrapper.xcdatamodel; path = YourModelName.xcdatamodel; sourceTree = "<group>"; };
		7D82E5642C2F162700A47B12 /* NetworkManager.swift */ = {isa = PBXFileReference; lastKnownFileType = sourcecode.swift; path = NetworkManager.swift; sourceTree = "<group>"; };
		7D82E5672C2F167400A47B12 /* SearchResponse.swift */ = {isa = PBXFileReference; lastKnownFileType = sourcecode.swift; path = SearchResponse.swift; sourceTree = "<group>"; };
		7D82E5692C2F16A500A47B12 /* RepositoryViewModel.swift */ = {isa = PBXFileReference; lastKnownFileType = sourcecode.swift; path = RepositoryViewModel.swift; sourceTree = "<group>"; };
		7D82E56B2C2F16DB00A47B12 /* CoreDataManager.swift */ = {isa = PBXFileReference; lastKnownFileType = sourcecode.swift; path = CoreDataManager.swift; sourceTree = "<group>"; };
		7D82E5712C2F29D500A47B12 /* RepoDetailsView.swift */ = {isa = PBXFileReference; lastKnownFileType = sourcecode.swift; path = RepoDetailsView.swift; sourceTree = "<group>"; };
		7D82E5732C2F2A0100A47B12 /* RepositoryRowView.swift */ = {isa = PBXFileReference; lastKnownFileType = sourcecode.swift; path = RepositoryRowView.swift; sourceTree = "<group>"; };
/* End PBXFileReference section */

/* Begin PBXFrameworksBuildPhase section */
		7D82E5492C2F03E800A47B12 /* Frameworks */ = {
			isa = PBXFrameworksBuildPhase;
			buildActionMask = 2147483647;
			files = (
			);
			runOnlyForDeploymentPostprocessing = 0;
		};
/* End PBXFrameworksBuildPhase section */

/* Begin PBXGroup section */
		7D70926E2C2FFC1E00154FB1 /* HelperExtension */ = {
			isa = PBXGroup;
			children = (
				7D70926F2C2FFC6800154FB1 /* HelperExtension.swift */,
			);
			path = HelperExtension;
			sourceTree = "<group>";
		};
		7D82E5432C2F03E800A47B12 = {
			isa = PBXGroup;
			children = (
				7D82E54E2C2F03E800A47B12 /* GitHubRepo */,
				7D82E54D2C2F03E800A47B12 /* Products */,
			);
			sourceTree = "<group>";
		};
		7D82E54D2C2F03E800A47B12 /* Products */ = {
			isa = PBXGroup;
			children = (
				7D82E54C2C2F03E800A47B12 /* GitHubRepo.app */,
			);
			name = Products;
			sourceTree = "<group>";
		};
		7D82E54E2C2F03E800A47B12 /* GitHubRepo */ = {
			isa = PBXGroup;
			children = (
				7D82E54F2C2F03E800A47B12 /* GitHubRepoApp.swift */,
				7D82E5512C2F03E800A47B12 /* HomeView.swift */,
				7D82E5622C2F15F500A47B12 /* ViewModel */,
				7D82E5612C2F15E800A47B12 /* View */,
				7D82E5632C2F160000A47B12 /* Networking */,
				7D82E55D2C2F04C000A47B12 /* Utility */,
				7D82E5532C2F03EA00A47B12 /* Assets.xcassets */,
				7D82E5552C2F03EA00A47B12 /* Preview Content */,
			);
			path = GitHubRepo;
			sourceTree = "<group>";
		};
		7D82E5552C2F03EA00A47B12 /* Preview Content */ = {
			isa = PBXGroup;
			children = (
				7D82E5562C2F03EA00A47B12 /* Preview Assets.xcassets */,
			);
			path = "Preview Content";
			sourceTree = "<group>";
		};
		7D82E55D2C2F04C000A47B12 /* Utility */ = {
			isa = PBXGroup;
			children = (
				7D82E5662C2F164F00A47B12 /* DataModel */,
				7D70926E2C2FFC1E00154FB1 /* HelperExtension */,
				7D82E55E2C2F050E00A47B12 /* RepositoryEntity.xcdatamodeld */,
				7D82E56B2C2F16DB00A47B12 /* CoreDataManager.swift */,
			);
			path = Utility;
			sourceTree = "<group>";
		};
		7D82E5612C2F15E800A47B12 /* View */ = {
			isa = PBXGroup;
			children = (
				7D82E5712C2F29D500A47B12 /* RepoDetailsView.swift */,
				7D82E5732C2F2A0100A47B12 /* RepositoryRowView.swift */,
			);
			path = View;
			sourceTree = "<group>";
		};
		7D82E5622C2F15F500A47B12 /* ViewModel */ = {
			isa = PBXGroup;
			children = (
				7D82E5692C2F16A500A47B12 /* RepositoryViewModel.swift */,
				7D7092732C3041FA00154FB1 /* RepoDetailsViewModel.swift */,
			);
			path = ViewModel;
			sourceTree = "<group>";
		};
		7D82E5632C2F160000A47B12 /* Networking */ = {
			isa = PBXGroup;
			children = (
				7D82E5642C2F162700A47B12 /* NetworkManager.swift */,
			);
			path = Networking;
			sourceTree = "<group>";
		};
		7D82E5662C2F164F00A47B12 /* DataModel */ = {
			isa = PBXGroup;
			children = (
				7D82E5672C2F167400A47B12 /* SearchResponse.swift */,
				7D7092712C303BB900154FB1 /* ContributorsResponse.swift */,
			);
			path = DataModel;
			sourceTree = "<group>";
		};
/* End PBXGroup section */

/* Begin PBXNativeTarget section */
		7D82E54B2C2F03E800A47B12 /* GitHubRepo */ = {
			isa = PBXNativeTarget;
			buildConfigurationList = 7D82E55A2C2F03EA00A47B12 /* Build configuration list for PBXNativeTarget "GitHubRepo" */;
			buildPhases = (
				7D82E5482C2F03E800A47B12 /* Sources */,
				7D82E5492C2F03E800A47B12 /* Frameworks */,
				7D82E54A2C2F03E800A47B12 /* Resources */,
			);
			buildRules = (
			);
			dependencies = (
			);
			name = GitHubRepo;
			productName = GitHubRepo;
			productReference = 7D82E54C2C2F03E800A47B12 /* GitHubRepo.app */;
			productType = "com.apple.product-type.application";
		};
/* End PBXNativeTarget section */

/* Begin PBXProject section */
		7D82E5442C2F03E800A47B12 /* Project object */ = {
			isa = PBXProject;
			attributes = {
				BuildIndependentTargetsInParallel = 1;
				LastSwiftUpdateCheck = 1520;
				LastUpgradeCheck = 1520;
				TargetAttributes = {
					7D82E54B2C2F03E800A47B12 = {
						CreatedOnToolsVersion = 15.2;
					};
				};
			};
			buildConfigurationList = 7D82E5472C2F03E800A47B12 /* Build configuration list for PBXProject "GitHubRepo" */;
			compatibilityVersion = "Xcode 14.0";
			developmentRegion = en;
			hasScannedForEncodings = 0;
			knownRegions = (
				en,
				Base,
			);
			mainGroup = 7D82E5432C2F03E800A47B12;
			productRefGroup = 7D82E54D2C2F03E800A47B12 /* Products */;
			projectDirPath = "";
			projectRoot = "";
			targets = (
				7D82E54B2C2F03E800A47B12 /* GitHubRepo */,
			);
		};
/* End PBXProject section */

/* Begin PBXResourcesBuildPhase section */
		7D82E54A2C2F03E800A47B12 /* Resources */ = {
			isa = PBXResourcesBuildPhase;
			buildActionMask = 2147483647;
			files = (
				7D82E5572C2F03EA00A47B12 /* Preview Assets.xcassets in Resources */,
				7D82E5542C2F03EA00A47B12 /* Assets.xcassets in Resources */,
			);
			runOnlyForDeploymentPostprocessing = 0;
		};
/* End PBXResourcesBuildPhase section */

/* Begin PBXSourcesBuildPhase section */
		7D82E5482C2F03E800A47B12 /* Sources */ = {
			isa = PBXSourcesBuildPhase;
			buildActionMask = 2147483647;
			files = (
				7D82E5652C2F162700A47B12 /* NetworkManager.swift in Sources */,
				7D7092742C3041FA00154FB1 /* RepoDetailsViewModel.swift in Sources */,
				7D82E5682C2F167400A47B12 /* SearchResponse.swift in Sources */,
				7D82E56A2C2F16A500A47B12 /* RepositoryViewModel.swift in Sources */,
				7D7092722C303BB900154FB1 /* ContributorsResponse.swift in Sources */,
				7D7092702C2FFC6800154FB1 /* HelperExtension.swift in Sources */,
				7D82E5602C2F050E00A47B12 /* RepositoryEntity.xcdatamodeld in Sources */,
				7D82E5522C2F03E800A47B12 /* HomeView.swift in Sources */,
				7D82E56C2C2F16DB00A47B12 /* CoreDataManager.swift in Sources */,
				7D82E5742C2F2A0100A47B12 /* RepositoryRowView.swift in Sources */,
				7D82E5502C2F03E800A47B12 /* GitHubRepoApp.swift in Sources */,
				7D82E5722C2F29D500A47B12 /* RepoDetailsView.swift in Sources */,
			);
			runOnlyForDeploymentPostprocessing = 0;
		};
/* End PBXSourcesBuildPhase section */

/* Begin XCBuildConfiguration section */
		7D82E5582C2F03EA00A47B12 /* Debug */ = {
			isa = XCBuildConfiguration;
			buildSettings = {
				ALWAYS_SEARCH_USER_PATHS = NO;
				ASSETCATALOG_COMPILER_GENERATE_SWIFT_ASSET_SYMBOL_EXTENSIONS = YES;
				CLANG_ANALYZER_NONNULL = YES;
				CLANG_ANALYZER_NUMBER_OBJECT_CONVERSION = YES_AGGRESSIVE;
				CLANG_CXX_LANGUAGE_STANDARD = "gnu++20";
				CLANG_ENABLE_MODULES = YES;
				CLANG_ENABLE_OBJC_ARC = YES;
				CLANG_ENABLE_OBJC_WEAK = YES;
				CLANG_WARN_BLOCK_CAPTURE_AUTORELEASING = YES;
				CLANG_WARN_BOOL_CONVERSION = YES;
				CLANG_WARN_COMMA = YES;
				CLANG_WARN_CONSTANT_CONVERSION = YES;
				CLANG_WARN_DEPRECATED_OBJC_IMPLEMENTATIONS = YES;
				CLANG_WARN_DIRECT_OBJC_ISA_USAGE = YES_ERROR;
				CLANG_WARN_DOCUMENTATION_COMMENTS = YES;
				CLANG_WARN_EMPTY_BODY = YES;
				CLANG_WARN_ENUM_CONVERSION = YES;
				CLANG_WARN_INFINITE_RECURSION = YES;
				CLANG_WARN_INT_CONVERSION = YES;
				CLANG_WARN_NON_LITERAL_NULL_CONVERSION = YES;
				CLANG_WARN_OBJC_IMPLICIT_RETAIN_SELF = YES;
				CLANG_WARN_OBJC_LITERAL_CONVERSION = YES;
				CLANG_WARN_OBJC_ROOT_CLASS = YES_ERROR;
				CLANG_WARN_QUOTED_INCLUDE_IN_FRAMEWORK_HEADER = YES;
				CLANG_WARN_RANGE_LOOP_ANALYSIS = YES;
				CLANG_WARN_STRICT_PROTOTYPES = YES;
				CLANG_WARN_SUSPICIOUS_MOVE = YES;
				CLANG_WARN_UNGUARDED_AVAILABILITY = YES_AGGRESSIVE;
				CLANG_WARN_UNREACHABLE_CODE = YES;
				CLANG_WARN__DUPLICATE_METHOD_MATCH = YES;
				COPY_PHASE_STRIP = NO;
				DEBUG_INFORMATION_FORMAT = dwarf;
				ENABLE_STRICT_OBJC_MSGSEND = YES;
				ENABLE_TESTABILITY = YES;
				ENABLE_USER_SCRIPT_SANDBOXING = YES;
				GCC_C_LANGUAGE_STANDARD = gnu17;
				GCC_DYNAMIC_NO_PIC = NO;
				GCC_NO_COMMON_BLOCKS = YES;
				GCC_OPTIMIZATION_LEVEL = 0;
				GCC_PREPROCESSOR_DEFINITIONS = (
					"DEBUG=1",
					"$(inherited)",
				);
				GCC_WARN_64_TO_32_BIT_CONVERSION = YES;
				GCC_WARN_ABOUT_RETURN_TYPE = YES_ERROR;
				GCC_WARN_UNDECLARED_SELECTOR = YES;
				GCC_WARN_UNINITIALIZED_AUTOS = YES_AGGRESSIVE;
				GCC_WARN_UNUSED_FUNCTION = YES;
				GCC_WARN_UNUSED_VARIABLE = YES;
				IPHONEOS_DEPLOYMENT_TARGET = 17.2;
				LOCALIZATION_PREFERS_STRING_CATALOGS = YES;
				MTL_ENABLE_DEBUG_INFO = INCLUDE_SOURCE;
				MTL_FAST_MATH = YES;
				ONLY_ACTIVE_ARCH = YES;
				SDKROOT = iphoneos;
				SWIFT_ACTIVE_COMPILATION_CONDITIONS = "DEBUG $(inherited)";
				SWIFT_OPTIMIZATION_LEVEL = "-Onone";
			};
			name = Debug;
		};
		7D82E5592C2F03EA00A47B12 /* Release */ = {
			isa = XCBuildConfiguration;
			buildSettings = {
				ALWAYS_SEARCH_USER_PATHS = NO;
				ASSETCATALOG_COMPILER_GENERATE_SWIFT_ASSET_SYMBOL_EXTENSIONS = YES;
				CLANG_ANALYZER_NONNULL = YES;
				CLANG_ANALYZER_NUMBER_OBJECT_CONVERSION = YES_AGGRESSIVE;
				CLANG_CXX_LANGUAGE_STANDARD = "gnu++20";
				CLANG_ENABLE_MODULES = YES;
				CLANG_ENABLE_OBJC_ARC = YES;
				CLANG_ENABLE_OBJC_WEAK = YES;
				CLANG_WARN_BLOCK_CAPTURE_AUTORELEASING = YES;
				CLANG_WARN_BOOL_CONVERSION = YES;
				CLANG_WARN_COMMA = YES;
				CLANG_WARN_CONSTANT_CONVERSION = YES;
				CLANG_WARN_DEPRECATED_OBJC_IMPLEMENTATIONS = YES;
				CLANG_WARN_DIRECT_OBJC_ISA_USAGE = YES_ERROR;
				CLANG_WARN_DOCUMENTATION_COMMENTS = YES;
				CLANG_WARN_EMPTY_BODY = YES;
				CLANG_WARN_ENUM_CONVERSION = YES;
				CLANG_WARN_INFINITE_RECURSION = YES;
				CLANG_WARN_INT_CONVERSION = YES;
				CLANG_WARN_NON_LITERAL_NULL_CONVERSION = YES;
				CLANG_WARN_OBJC_IMPLICIT_RETAIN_SELF = YES;
				CLANG_WARN_OBJC_LITERAL_CONVERSION = YES;
				CLANG_WARN_OBJC_ROOT_CLASS = YES_ERROR;
				CLANG_WARN_QUOTED_INCLUDE_IN_FRAMEWORK_HEADER = YES;
				CLANG_WARN_RANGE_LOOP_ANALYSIS = YES;
				CLANG_WARN_STRICT_PROTOTYPES = YES;
				CLANG_WARN_SUSPICIOUS_MOVE = YES;
				CLANG_WARN_UNGUARDED_AVAILABILITY = YES_AGGRESSIVE;
				CLANG_WARN_UNREACHABLE_CODE = YES;
				CLANG_WARN__DUPLICATE_METHOD_MATCH = YES;
				COPY_PHASE_STRIP = NO;
				DEBUG_INFORMATION_FORMAT = "dwarf-with-dsym";
				ENABLE_NS_ASSERTIONS = NO;
				ENABLE_STRICT_OBJC_MSGSEND = YES;
				ENABLE_USER_SCRIPT_SANDBOXING = YES;
				GCC_C_LANGUAGE_STANDARD = gnu17;
				GCC_NO_COMMON_BLOCKS = YES;
				GCC_WARN_64_TO_32_BIT_CONVERSION = YES;
				GCC_WARN_ABOUT_RETURN_TYPE = YES_ERROR;
				GCC_WARN_UNDECLARED_SELECTOR = YES;
				GCC_WARN_UNINITIALIZED_AUTOS = YES_AGGRESSIVE;
				GCC_WARN_UNUSED_FUNCTION = YES;
				GCC_WARN_UNUSED_VARIABLE = YES;
				IPHONEOS_DEPLOYMENT_TARGET = 17.2;
				LOCALIZATION_PREFERS_STRING_CATALOGS = YES;
				MTL_ENABLE_DEBUG_INFO = NO;
				MTL_FAST_MATH = YES;
				SDKROOT = iphoneos;
				SWIFT_COMPILATION_MODE = wholemodule;
				VALIDATE_PRODUCT = YES;
			};
			name = Release;
		};
		7D82E55B2C2F03EA00A47B12 /* Debug */ = {
			isa = XCBuildConfiguration;
			buildSettings = {
				ASSETCATALOG_COMPILER_APPICON_NAME = AppIcon;
				ASSETCATALOG_COMPILER_GLOBAL_ACCENT_COLOR_NAME = AccentColor;
				CODE_SIGN_STYLE = Automatic;
				CURRENT_PROJECT_VERSION = 1;
				DEVELOPMENT_ASSET_PATHS = "\"GitHubRepo/Preview Content\"";
				DEVELOPMENT_TEAM = 4L6U4CV9PQ;
				ENABLE_PREVIEWS = YES;
				GENERATE_INFOPLIST_FILE = YES;
				INFOPLIST_KEY_UIApplicationSceneManifest_Generation = YES;
				INFOPLIST_KEY_UIApplicationSupportsIndirectInputEvents = YES;
				INFOPLIST_KEY_UILaunchScreen_Generation = YES;
				INFOPLIST_KEY_UISupportedInterfaceOrientations_iPad = "UIInterfaceOrientationPortrait UIInterfaceOrientationPortraitUpsideDown UIInterfaceOrientationLandscapeLeft UIInterfaceOrientationLandscapeRight";
				INFOPLIST_KEY_UISupportedInterfaceOrientations_iPhone = "UIInterfaceOrientationPortrait UIInterfaceOrientationLandscapeLeft UIInterfaceOrientationLandscapeRight";
				LD_RUNPATH_SEARCH_PATHS = (
					"$(inherited)",
					"@executable_path/Frameworks",
				);
				MARKETING_VERSION = 1.0;
				PRODUCT_BUNDLE_IDENTIFIER = aswanth.app.GitHubRepo;
				PRODUCT_NAME = "$(TARGET_NAME)";
				SWIFT_EMIT_LOC_STRINGS = YES;
				SWIFT_VERSION = 5.0;
				TARGETED_DEVICE_FAMILY = "1,2";
			};
			name = Debug;
		};
		7D82E55C2C2F03EA00A47B12 /* Release */ = {
			isa = XCBuildConfiguration;
			buildSettings = {
				ASSETCATALOG_COMPILER_APPICON_NAME = AppIcon;
				ASSETCATALOG_COMPILER_GLOBAL_ACCENT_COLOR_NAME = AccentColor;
				CODE_SIGN_STYLE = Automatic;
				CURRENT_PROJECT_VERSION = 1;
				DEVELOPMENT_ASSET_PATHS = "\"GitHubRepo/Preview Content\"";
				DEVELOPMENT_TEAM = 4L6U4CV9PQ;
				ENABLE_PREVIEWS = YES;
				GENERATE_INFOPLIST_FILE = YES;
				INFOPLIST_KEY_UIApplicationSceneManifest_Generation = YES;
				INFOPLIST_KEY_UIApplicationSupportsIndirectInputEvents = YES;
				INFOPLIST_KEY_UILaunchScreen_Generation = YES;
				INFOPLIST_KEY_UISupportedInterfaceOrientations_iPad = "UIInterfaceOrientationPortrait UIInterfaceOrientationPortraitUpsideDown UIInterfaceOrientationLandscapeLeft UIInterfaceOrientationLandscapeRight";
				INFOPLIST_KEY_UISupportedInterfaceOrientations_iPhone = "UIInterfaceOrientationPortrait UIInterfaceOrientationLandscapeLeft UIInterfaceOrientationLandscapeRight";
				LD_RUNPATH_SEARCH_PATHS = (
					"$(inherited)",
					"@executable_path/Frameworks",
				);
				MARKETING_VERSION = 1.0;
				PRODUCT_BUNDLE_IDENTIFIER = aswanth.app.GitHubRepo;
				PRODUCT_NAME = "$(TARGET_NAME)";
				SWIFT_EMIT_LOC_STRINGS = YES;
				SWIFT_VERSION = 5.0;
				TARGETED_DEVICE_FAMILY = "1,2";
			};
			name = Release;
		};
/* End XCBuildConfiguration section */

/* Begin XCConfigurationList section */
		7D82E5472C2F03E800A47B12 /* Build configuration list for PBXProject "GitHubRepo" */ = {
			isa = XCConfigurationList;
			buildConfigurations = (
				7D82E5582C2F03EA00A47B12 /* Debug */,
				7D82E5592C2F03EA00A47B12 /* Release */,
			);
			defaultConfigurationIsVisible = 0;
			defaultConfigurationName = Release;
		};
		7D82E55A2C2F03EA00A47B12 /* Build configuration list for PBXNativeTarget "GitHubRepo" */ = {
			isa = XCConfigurationList;
			buildConfigurations = (
				7D82E55B2C2F03EA00A47B12 /* Debug */,
				7D82E55C2C2F03EA00A47B12 /* Release */,
			);
			defaultConfigurationIsVisible = 0;
			defaultConfigurationName = Release;
		};
/* End XCConfigurationList section */

/* Begin XCVersionGroup section */
		7D82E55E2C2F050E00A47B12 /* RepositoryEntity.xcdatamodeld */ = {
			isa = XCVersionGroup;
			children = (
				7D82E55F2C2F050E00A47B12 /* YourModelName.xcdatamodel */,
			);
			currentVersion = 7D82E55F2C2F050E00A47B12 /* YourModelName.xcdatamodel */;
			path = RepositoryEntity.xcdatamodeld;
			sourceTree = "<group>";
			versionGroupType = wrapper.xcdatamodel;
		};
/* End XCVersionGroup section */
	};
	rootObject = 7D82E5442C2F03E800A47B12 /* Project object */;
}
